
Microsoft Visual Studio Solution File, Format Version 12.00
# Visual Studio Version 17
VisualStudioVersion = 17.6.33815.320
MinimumVisualStudioVersion = 10.0.40219.1
Project("{9A19103F-16F7-4668-BE54-9A1E7A4F7556}") = "LifeSpot", "LifeSpot\LifeSpot.csproj", "{7BDC0F94-A78F-4223-8D2A-7F09D17FBFDB}"
EndProject
Global
	GlobalSection(SolutionConfigurationPlatforms) = preSolution
		Debug|Any CPU = Debug|Any CPU
		Release|Any CPU = Release|Any CPU
	EndGlobalSection
	GlobalSection(ProjectConfigurationPlatforms) = postSolution
		{7BDC0F94-A78F-4223-8D2A-7F09D17FBFDB}.Debug|Any CPU.ActiveCfg = Debug|Any CPU
		{7BDC0F94-A78F-4223-8D2A-7F09D17FBFDB}.Debug|Any CPU.Build.0 = Debug|Any CPU
		{7BDC0F94-A78F-4223-8D2A-7F09D17FBFDB}.Release|Any CPU.ActiveCfg = Release|Any CPU
		{7BDC0F94-A78F-4223-8D2A-7F09D17FBFDB}.Release|Any CPU.Build.0 = Release|Any CPU
	EndGlobalSection
	GlobalSection(SolutionProperties) = preSolution
		HideSolutionNode = FALSE
	EndGlobalSection
	GlobalSection(ExtensibilityGlobals) = postSolution
		SolutionGuid = {2876EC34-E460-400B-BF95-61D5A22ACF2E}
	EndGlobalSection
EndGlobal
